{
  "dependencies": {
    "polyfill-service": {
      "version": "http://github.com/hitchcott/polyfill-service/tarball/728854a9073609eca580460e3320cdf1731d8c95",
      "dependencies": {
        "caniuse-db": {
          "version": "1.0.20140710"
        },
        "express": {
          "version": "4.4.4",
          "dependencies": {
            "accepts": {
              "version": "1.0.6",
              "dependencies": {
                "mime-types": {
                  "version": "1.0.1"
                },
                "negotiator": {
                  "version": "0.4.7"
                }
              }
            },
            "buffer-crc32": {
              "version": "0.2.3"
            },
            "debug": {
              "version": "1.0.2",
              "dependencies": {
                "ms": {
                  "version": "0.6.2"
                }
              }
            },
            "escape-html": {
              "version": "1.0.1"
            },
            "methods": {
              "version": "1.0.1"
            },
            "parseurl": {
              "version": "1.0.1"
            },
            "proxy-addr": {
              "version": "1.0.1",
              "dependencies": {
                "ipaddr.js": {
                  "version": "0.1.2"
                }
              }
            },
            "range-parser": {
              "version": "1.0.0"
            },
            "send": {
              "version": "0.4.3",
              "dependencies": {
                "finished": {
                  "version": "1.2.2",
                  "dependencies": {
                    "ee-first": {
                      "version": "1.0.3"
                    }
                  }
                },
                "mime": {
                  "version": "1.2.11"
                }
              }
            },
            "serve-static": {
              "version": "1.2.3"
            },
            "type-is": {
              "version": "1.2.1",
              "dependencies": {
                "mime-types": {
                  "version": "1.0.0"
                }
              }
            },
            "vary": {
              "version": "0.1.0"
            },
            "cookie": {
              "version": "0.1.2"
            },
            "fresh": {
              "version": "0.2.2"
            },
            "cookie-signature": {
              "version": "1.0.3"
            },
            "merge-descriptors": {
              "version": "0.0.2"
            },
            "utils-merge": {
              "version": "1.0.0"
            },
            "qs": {
              "version": "0.6.6"
            },
            "path-to-regexp": {
              "version": "0.1.2"
            }
          }
        },
        "forever": {
          "version": "0.11.1",
          "dependencies": {
            "colors": {
              "version": "0.6.2"
            },
            "cliff": {
              "version": "0.1.8",
              "dependencies": {
                "eyes": {
                  "version": "0.1.8"
                },
                "winston": {
                  "version": "0.6.2",
                  "dependencies": {
                    "async": {
                      "version": "0.1.22"
                    },
                    "cycle": {
                      "version": "1.0.3"
                    },
                    "pkginfo": {
                      "version": "0.2.3"
                    },
                    "request": {
                      "version": "2.9.203"
                    },
                    "stack-trace": {
                      "version": "0.0.9"
                    }
                  }
                }
              }
            },
            "flatiron": {
              "version": "0.3.11",
              "dependencies": {
                "broadway": {
                  "version": "0.2.9",
                  "dependencies": {
                    "eventemitter2": {
                      "version": "0.4.12"
                    },
                    "winston": {
                      "version": "0.7.2",
                      "dependencies": {
                        "async": {
                          "version": "0.2.10"
                        },
                        "cycle": {
                          "version": "1.0.3"
                        },
                        "eyes": {
                          "version": "0.1.8"
                        },
                        "request": {
                          "version": "2.16.6",
                          "dependencies": {
                            "form-data": {
                              "version": "0.0.10",
                              "dependencies": {
                                "combined-stream": {
                                  "version": "0.0.5",
                                  "dependencies": {
                                    "delayed-stream": {
                                      "version": "0.0.5"
                                    }
                                  }
                                }
                              }
                            },
                            "mime": {
                              "version": "1.2.11"
                            },
                            "hawk": {
                              "version": "0.10.2",
                              "dependencies": {
                                "hoek": {
                                  "version": "0.7.6"
                                },
                                "boom": {
                                  "version": "0.3.8"
                                },
                                "cryptiles": {
                                  "version": "0.1.3"
                                },
                                "sntp": {
                                  "version": "0.1.4"
                                }
                              }
                            },
                            "node-uuid": {
                              "version": "1.4.1"
                            },
                            "cookie-jar": {
                              "version": "0.2.0"
                            },
                            "aws-sign": {
                              "version": "0.2.0"
                            },
                            "oauth-sign": {
                              "version": "0.2.0"
                            },
                            "forever-agent": {
                              "version": "0.2.0"
                            },
                            "tunnel-agent": {
                              "version": "0.2.0"
                            },
                            "json-stringify-safe": {
                              "version": "3.0.0"
                            },
                            "qs": {
                              "version": "0.5.6"
                            }
                          }
                        },
                        "stack-trace": {
                          "version": "0.0.9"
                        }
                      }
                    }
                  }
                },
                "optimist": {
                  "version": "0.6.0",
                  "dependencies": {
                    "wordwrap": {
                      "version": "0.0.2"
                    },
                    "minimist": {
                      "version": "0.0.10"
                    }
                  }
                },
                "prompt": {
                  "version": "0.2.11",
                  "dependencies": {
                    "read": {
                      "version": "1.0.5",
                      "dependencies": {
                        "mute-stream": {
                          "version": "0.0.4"
                        }
                      }
                    },
                    "revalidator": {
                      "version": "0.1.8"
                    },
                    "winston": {
                      "version": "0.6.2",
                      "dependencies": {
                        "async": {
                          "version": "0.1.22"
                        },
                        "cycle": {
                          "version": "1.0.3"
                        },
                        "eyes": {
                          "version": "0.1.8"
                        },
                        "pkginfo": {
                          "version": "0.2.3"
                        },
                        "request": {
                          "version": "2.9.203"
                        },
                        "stack-trace": {
                          "version": "0.0.9"
                        }
                      }
                    }
                  }
                },
                "director": {
                  "version": "1.1.10"
                }
              }
            },
            "forever-monitor": {
              "version": "1.2.3",
              "dependencies": {
                "broadway": {
                  "version": "0.2.9",
                  "dependencies": {
                    "eventemitter2": {
                      "version": "0.4.12"
                    },
                    "winston": {
                      "version": "0.7.2",
                      "dependencies": {
                        "async": {
                          "version": "0.2.10"
                        },
                        "cycle": {
                          "version": "1.0.3"
                        },
                        "eyes": {
                          "version": "0.1.8"
                        },
                        "request": {
                          "version": "2.16.6",
                          "dependencies": {
                            "form-data": {
                              "version": "0.0.10",
                              "dependencies": {
                                "combined-stream": {
                                  "version": "0.0.5",
                                  "dependencies": {
                                    "delayed-stream": {
                                      "version": "0.0.5"
                                    }
                                  }
                                }
                              }
                            },
                            "mime": {
                              "version": "1.2.11"
                            },
                            "hawk": {
                              "version": "0.10.2",
                              "dependencies": {
                                "hoek": {
                                  "version": "0.7.6"
                                },
                                "boom": {
                                  "version": "0.3.8"
                                },
                                "cryptiles": {
                                  "version": "0.1.3"
                                },
                                "sntp": {
                                  "version": "0.1.4"
                                }
                              }
                            },
                            "node-uuid": {
                              "version": "1.4.1"
                            },
                            "cookie-jar": {
                              "version": "0.2.0"
                            },
                            "aws-sign": {
                              "version": "0.2.0"
                            },
                            "oauth-sign": {
                              "version": "0.2.0"
                            },
                            "forever-agent": {
                              "version": "0.2.0"
                            },
                            "tunnel-agent": {
                              "version": "0.2.0"
                            },
                            "json-stringify-safe": {
                              "version": "3.0.0"
                            },
                            "qs": {
                              "version": "0.5.6"
                            }
                          }
                        },
                        "stack-trace": {
                          "version": "0.0.9"
                        }
                      }
                    },
                    "utile": {
                      "version": "0.2.1",
                      "dependencies": {
                        "async": {
                          "version": "0.2.10"
                        },
                        "deep-equal": {
                          "version": "0.2.1"
                        },
                        "i": {
                          "version": "0.3.2"
                        },
                        "mkdirp": {
                          "version": "0.5.0",
                          "dependencies": {
                            "minimist": {
                              "version": "0.0.8"
                            }
                          }
                        },
                        "ncp": {
                          "version": "0.4.2"
                        },
                        "rimraf": {
                          "version": "2.2.8"
                        }
                      }
                    }
                  }
                },
                "minimatch": {
                  "version": "0.2.14",
                  "dependencies": {
                    "lru-cache": {
                      "version": "2.5.0"
                    },
                    "sigmund": {
                      "version": "1.0.0"
                    }
                  }
                },
                "ps-tree": {
                  "version": "0.0.3",
                  "dependencies": {
                    "event-stream": {
                      "version": "0.5.3",
                      "dependencies": {
                        "optimist": {
                          "version": "0.2.8",
                          "dependencies": {
                            "wordwrap": {
                              "version": "0.0.2"
                            }
                          }
                        }
                      }
                    }
                  }
                },
                "watch": {
                  "version": "0.5.1"
                },
                "utile": {
                  "version": "0.1.7",
                  "dependencies": {
                    "async": {
                      "version": "0.1.22"
                    },
                    "deep-equal": {
                      "version": "0.2.1"
                    },
                    "i": {
                      "version": "0.3.2"
                    },
                    "mkdirp": {
                      "version": "0.5.0",
                      "dependencies": {
                        "minimist": {
                          "version": "0.0.8"
                        }
                      }
                    },
                    "ncp": {
                      "version": "0.2.7"
                    },
                    "rimraf": {
                      "version": "1.0.9"
                    }
                  }
                }
              }
            },
            "nconf": {
              "version": "0.6.9",
              "dependencies": {
                "async": {
                  "version": "0.2.9"
                },
                "ini": {
                  "version": "1.2.1"
                },
                "optimist": {
                  "version": "0.6.0",
                  "dependencies": {
                    "wordwrap": {
                      "version": "0.0.2"
                    },
                    "minimist": {
                      "version": "0.0.10"
                    }
                  }
                }
              }
            },
            "nssocket": {
              "version": "0.5.1",
              "dependencies": {
                "eventemitter2": {
                  "version": "0.4.14"
                },
                "lazy": {
                  "version": "1.0.11"
                }
              }
            },
            "optimist": {
              "version": "0.6.1",
              "dependencies": {
                "wordwrap": {
                  "version": "0.0.2"
                },
                "minimist": {
                  "version": "0.0.10"
                }
              }
            },
            "pkginfo": {
              "version": "0.3.0"
            },
            "timespan": {
              "version": "2.3.0"
            },
            "watch": {
              "version": "0.8.0"
            },
            "utile": {
              "version": "0.2.1",
              "dependencies": {
                "async": {
                  "version": "0.2.10"
                },
                "deep-equal": {
                  "version": "0.2.1"
                },
                "i": {
                  "version": "0.3.2"
                },
                "mkdirp": {
                  "version": "0.5.0",
                  "dependencies": {
                    "minimist": {
                      "version": "0.0.8"
                    }
                  }
                },
                "ncp": {
                  "version": "0.4.2"
                },
                "rimraf": {
                  "version": "2.2.8"
                }
              }
            },
            "winston": {
              "version": "0.7.3",
              "dependencies": {
                "async": {
                  "version": "0.2.10"
                },
                "cycle": {
                  "version": "1.0.3"
                },
                "eyes": {
                  "version": "0.1.8"
                },
                "request": {
                  "version": "2.16.6",
                  "dependencies": {
                    "form-data": {
                      "version": "0.0.10",
                      "dependencies": {
                        "combined-stream": {
                          "version": "0.0.5",
                          "dependencies": {
                            "delayed-stream": {
                              "version": "0.0.5"
                            }
                          }
                        }
                      }
                    },
                    "mime": {
                      "version": "1.2.11"
                    },
                    "hawk": {
                      "version": "0.10.2",
                      "dependencies": {
                        "hoek": {
                          "version": "0.7.6"
                        },
                        "boom": {
                          "version": "0.3.8"
                        },
                        "cryptiles": {
                          "version": "0.1.3"
                        },
                        "sntp": {
                          "version": "0.1.4"
                        }
                      }
                    },
                    "node-uuid": {
                      "version": "1.4.1"
                    },
                    "cookie-jar": {
                      "version": "0.2.0"
                    },
                    "aws-sign": {
                      "version": "0.2.0"
                    },
                    "oauth-sign": {
                      "version": "0.2.0"
                    },
                    "forever-agent": {
                      "version": "0.2.0"
                    },
                    "tunnel-agent": {
                      "version": "0.2.0"
                    },
                    "json-stringify-safe": {
                      "version": "3.0.0"
                    },
                    "qs": {
                      "version": "0.5.6"
                    }
                  }
                },
                "stack-trace": {
                  "version": "0.0.9"
                }
              }
            }
          }
        },
        "semver": {
          "version": "2.3.1"
        },
        "uglify-js": {
          "version": "2.4.14",
          "dependencies": {
            "async": {
              "version": "0.2.10"
            },
            "source-map": {
              "version": "0.1.34",
              "dependencies": {
                "amdefine": {
                  "version": "0.1.0"
                }
              }
            },
            "optimist": {
              "version": "0.3.7",
              "dependencies": {
                "wordwrap": {
                  "version": "0.0.2"
                }
              }
            },
            "uglify-to-browserify": {
              "version": "1.0.2"
            }
          }
        },
        "useragent": {
          "version": "2.0.8",
          "dependencies": {
            "lru-cache": {
              "version": "2.2.4"
            }
          }
        },
        "tsort": {
          "version": "0.0.1"
        },
        "minimist": {
          "version": "0.2.0"
        }
      }
    }
  }
}
